
Microsoft Visual Studio Solution File, Format Version 12.00
# Visual Studio Version 16
VisualStudioVersion = 16.0.29123.88
MinimumVisualStudioVersion = 10.0.40219.1
Project("{FAE04EC0-301F-11D3-BF4B-00C04F79EFBC}") = "NorthwindDB-Console-Final", "NorthwindDB-Console-Final\NorthwindDB-Console-Final.csproj", "{4E7105DE-5E01-4A77-9F81-725DE3114713}"
EndProject
Global
	GlobalSection(SolutionConfigurationPlatforms) = preSolution
		Debug|Any CPU = Debug|Any CPU
		Release|Any CPU = Release|Any CPU
	EndGlobalSection
	GlobalSection(ProjectConfigurationPlatforms) = postSolution
		{4E7105DE-5E01-4A77-9F81-725DE3114713}.Debug|Any CPU.ActiveCfg = Debug|Any CPU
		{4E7105DE-5E01-4A77-9F81-725DE3114713}.Debug|Any CPU.Build.0 = Debug|Any CPU
		{4E7105DE-5E01-4A77-9F81-725DE3114713}.Release|Any CPU.ActiveCfg = Release|Any CPU
		{4E7105DE-5E01-4A77-9F81-725DE3114713}.Release|Any CPU.Build.0 = Release|Any CPU
	EndGlobalSection
	GlobalSection(SolutionProperties) = preSolution
		HideSolutionNode = FALSE
	EndGlobalSection
	GlobalSection(ExtensibilityGlobals) = postSolution
		SolutionGuid = {5F7085F9-4745-424A-B9A1-AC733B2A444D}
	EndGlobalSection
EndGlobal
